
Microsoft Visual Studio Solution File, Format Version 12.00
# Visual Studio Version 16
VisualStudioVersion = 16.0.31025.194
MinimumVisualStudioVersion = 10.0.40219.1
Project("{FAE04EC0-301F-11D3-BF4B-00C04F79EFBC}") = "WebApplication4", "WebApplication4\WebApplication4.csproj", "{C859DA92-5884-4F1C-B904-541103F4BBEC}"
EndProject
Project("{E53339B2-1760-4266-BCC7-CA923CBCF16C}") = "docker-compose", "docker-compose.dcproj", "{A306A3E4-FB19-4CD1-AB7A-29F70D1F3D60}"
EndProject
Global
	GlobalSection(SolutionConfigurationPlatforms) = preSolution
		Debug|Any CPU = Debug|Any CPU
		Release|Any CPU = Release|Any CPU
	EndGlobalSection
	GlobalSection(ProjectConfigurationPlatforms) = postSolution
		{C859DA92-5884-4F1C-B904-541103F4BBEC}.Debug|Any CPU.ActiveCfg = Debug|Any CPU
		{C859DA92-5884-4F1C-B904-541103F4BBEC}.Debug|Any CPU.Build.0 = Debug|Any CPU
		{C859DA92-5884-4F1C-B904-541103F4BBEC}.Release|Any CPU.ActiveCfg = Release|Any CPU
		{C859DA92-5884-4F1C-B904-541103F4BBEC}.Release|Any CPU.Build.0 = Release|Any CPU
		{A306A3E4-FB19-4CD1-AB7A-29F70D1F3D60}.Debug|Any CPU.ActiveCfg = Debug|Any CPU
		{A306A3E4-FB19-4CD1-AB7A-29F70D1F3D60}.Debug|Any CPU.Build.0 = Debug|Any CPU
		{A306A3E4-FB19-4CD1-AB7A-29F70D1F3D60}.Release|Any CPU.ActiveCfg = Release|Any CPU
		{A306A3E4-FB19-4CD1-AB7A-29F70D1F3D60}.Release|Any CPU.Build.0 = Release|Any CPU
	EndGlobalSection
	GlobalSection(SolutionProperties) = preSolution
		HideSolutionNode = FALSE
	EndGlobalSection
	GlobalSection(ExtensibilityGlobals) = postSolution
		SolutionGuid = {CEB3F0E6-2709-4958-A892-8E3F8CBA9722}
	EndGlobalSection
EndGlobal
